
Microsoft Visual Studio Solution File, Format Version 12.00
# Visual Studio 15
VisualStudioVersion = 15.0.28307.329
MinimumVisualStudioVersion = 10.0.40219.1
Project("{FAE04EC0-301F-11D3-BF4B-00C04F79EFBC}") = "App15.Android", "App15\App15.Android\App15.Android.csproj", "{1ADEAF6F-1CCA-47A6-BFE7-9ED1C9E1FC3B}"
EndProject
Project("{FAE04EC0-301F-11D3-BF4B-00C04F79EFBC}") = "App15.iOS", "App15\App15.iOS\App15.iOS.csproj", "{A27D7391-92B2-4BA0-8562-3416FF1F4030}"
EndProject
Project("{FAE04EC0-301F-11D3-BF4B-00C04F79EFBC}") = "App15.UWP", "App15\App15.UWP\App15.UWP.csproj", "{75E5BE91-7A41-4E72-A739-9E9534BA620E}"
EndProject
Project("{FAE04EC0-301F-11D3-BF4B-00C04F79EFBC}") = "App15", "App15\App15\App15.csproj", "{DF87A513-4D30-4C38-8FAE-C0A7DE83B0FB}"
EndProject
Global
	GlobalSection(SolutionConfigurationPlatforms) = preSolution
		Ad-Hoc|Any CPU = Ad-Hoc|Any CPU
		Ad-Hoc|ARM = Ad-Hoc|ARM
		Ad-Hoc|iPhone = Ad-Hoc|iPhone
		Ad-Hoc|iPhoneSimulator = Ad-Hoc|iPhoneSimulator
		Ad-Hoc|x64 = Ad-Hoc|x64
		Ad-Hoc|x86 = Ad-Hoc|x86
		AppStore|Any CPU = AppStore|Any CPU
		AppStore|ARM = AppStore|ARM
		AppStore|iPhone = AppStore|iPhone
		AppStore|iPhoneSimulator = AppStore|iPhoneSimulator
		AppStore|x64 = AppStore|x64
		AppStore|x86 = AppStore|x86
		Debug|Any CPU = Debug|Any CPU
		Debug|ARM = Debug|ARM
		Debug|iPhone = Debug|iPhone
		Debug|iPhoneSimulator = Debug|iPhoneSimulator
		Debug|x64 = Debug|x64
		Debug|x86 = Debug|x86
		Release|Any CPU = Release|Any CPU
		Release|ARM = Release|ARM
		Release|iPhone = Release|iPhone
		Release|iPhoneSimulator = Release|iPhoneSimulator
		Release|x64 = Release|x64
		Release|x86 = Release|x86
	EndGlobalSection
	GlobalSection(ProjectConfigurationPlatforms) = postSolution
		{1ADEAF6F-1CCA-47A6-BFE7-9ED1C9E1FC3B}.Ad-Hoc|Any CPU.ActiveCfg = Release|Any CPU
		{1ADEAF6F-1CCA-47A6-BFE7-9ED1C9E1FC3B}.Ad-Hoc|Any CPU.Build.0 = Release|Any CPU
		{1ADEAF6F-1CCA-47A6-BFE7-9ED1C9E1FC3B}.Ad-Hoc|Any CPU.Deploy.0 = Release|Any CPU
		{1ADEAF6F-1CCA-47A6-BFE7-9ED1C9E1FC3B}.Ad-Hoc|ARM.ActiveCfg = Release|Any CPU
		{1ADEAF6F-1CCA-47A6-BFE7-9ED1C9E1FC3B}.Ad-Hoc|ARM.Build.0 = Release|Any CPU
		{1ADEAF6F-1CCA-47A6-BFE7-9ED1C9E1FC3B}.Ad-Hoc|ARM.Deploy.0 = Release|Any CPU
		{1ADEAF6F-1CCA-47A6-BFE7-9ED1C9E1FC3B}.Ad-Hoc|iPhone.ActiveCfg = Release|Any CPU
		{1ADEAF6F-1CCA-47A6-BFE7-9ED1C9E1FC3B}.Ad-Hoc|iPhone.Build.0 = Release|Any CPU
		{1ADEAF6F-1CCA-47A6-BFE7-9ED1C9E1FC3B}.Ad-Hoc|iPhone.Deploy.0 = Release|Any CPU
		{1ADEAF6F-1CCA-47A6-BFE7-9ED1C9E1FC3B}.Ad-Hoc|iPhoneSimulator.ActiveCfg = Release|Any CPU
		{1ADEAF6F-1CCA-47A6-BFE7-9ED1C9E1FC3B}.Ad-Hoc|iPhoneSimulator.Build.0 = Release|Any CPU
		{1ADEAF6F-1CCA-47A6-BFE7-9ED1C9E1FC3B}.Ad-Hoc|iPhoneSimulator.Deploy.0 = Release|Any CPU
		{1ADEAF6F-1CCA-47A6-BFE7-9ED1C9E1FC3B}.Ad-Hoc|x64.ActiveCfg = Release|Any CPU
		{1ADEAF6F-1CCA-47A6-BFE7-9ED1C9E1FC3B}.Ad-Hoc|x64.Build.0 = Release|Any CPU
		{1ADEAF6F-1CCA-47A6-BFE7-9ED1C9E1FC3B}.Ad-Hoc|x64.Deploy.0 = Release|Any CPU
		{1ADEAF6F-1CCA-47A6-BFE7-9ED1C9E1FC3B}.Ad-Hoc|x86.ActiveCfg = Release|Any CPU
		{1ADEAF6F-1CCA-47A6-BFE7-9ED1C9E1FC3B}.Ad-Hoc|x86.Build.0 = Release|Any CPU
		{1ADEAF6F-1CCA-47A6-BFE7-9ED1C9E1FC3B}.Ad-Hoc|x86.Deploy.0 = Release|Any CPU
		{1ADEAF6F-1CCA-47A6-BFE7-9ED1C9E1FC3B}.AppStore|Any CPU.ActiveCfg = Release|Any CPU
		{1ADEAF6F-1CCA-47A6-BFE7-9ED1C9E1FC3B}.AppStore|Any CPU.Build.0 = Release|Any CPU
		{1ADEAF6F-1CCA-47A6-BFE7-9ED1C9E1FC3B}.AppStore|Any CPU.Deploy.0 = Release|Any CPU
		{1ADEAF6F-1CCA-47A6-BFE7-9ED1C9E1FC3B}.AppStore|ARM.ActiveCfg = Release|Any CPU
		{1ADEAF6F-1CCA-47A6-BFE7-9ED1C9E1FC3B}.AppStore|ARM.Build.0 = Release|Any CPU
		{1ADEAF6F-1CCA-47A6-BFE7-9ED1C9E1FC3B}.AppStore|ARM.Deploy.0 = Release|Any CPU
		{1ADEAF6F-1CCA-47A6-BFE7-9ED1C9E1FC3B}.AppStore|iPhone.ActiveCfg = Release|Any CPU
		{1ADEAF6F-1CCA-47A6-BFE7-9ED1C9E1FC3B}.AppStore|iPhone.Build.0 = Release|Any CPU
		{1ADEAF6F-1CCA-47A6-BFE7-9ED1C9E1FC3B}.AppStore|iPhone.Deploy.0 = Release|Any CPU
		{1ADEAF6F-1CCA-47A6-BFE7-9ED1C9E1FC3B}.AppStore|iPhoneSimulator.ActiveCfg = Release|Any CPU
		{1ADEAF6F-1CCA-47A6-BFE7-9ED1C9E1FC3B}.AppStore|iPhoneSimulator.Build.0 = Release|Any CPU
		{1ADEAF6F-1CCA-47A6-BFE7-9ED1C9E1FC3B}.AppStore|iPhoneSimulator.Deploy.0 = Release|Any CPU
		{1ADEAF6F-1CCA-47A6-BFE7-9ED1C9E1FC3B}.AppStore|x64.ActiveCfg = Release|Any CPU
		{1ADEAF6F-1CCA-47A6-BFE7-9ED1C9E1FC3B}.AppStore|x64.Build.0 = Release|Any CPU
		{1ADEAF6F-1CCA-47A6-BFE7-9ED1C9E1FC3B}.AppStore|x64.Deploy.0 = Release|Any CPU
		{1ADEAF6F-1CCA-47A6-BFE7-9ED1C9E1FC3B}.AppStore|x86.ActiveCfg = Release|Any CPU
		{1ADEAF6F-1CCA-47A6-BFE7-9ED1C9E1FC3B}.AppStore|x86.Build.0 = Release|Any CPU
		{1ADEAF6F-1CCA-47A6-BFE7-9ED1C9E1FC3B}.AppStore|x86.Deploy.0 = Release|Any CPU
		{1ADEAF6F-1CCA-47A6-BFE7-9ED1C9E1FC3B}.Debug|Any CPU.ActiveCfg = Debug|Any CPU
		{1ADEAF6F-1CCA-47A6-BFE7-9ED1C9E1FC3B}.Debug|Any CPU.Build.0 = Debug|Any CPU
		{1ADEAF6F-1CCA-47A6-BFE7-9ED1C9E1FC3B}.Debug|Any CPU.Deploy.0 = Debug|Any CPU
		{1ADEAF6F-1CCA-47A6-BFE7-9ED1C9E1FC3B}.Debug|ARM.ActiveCfg = Debug|Any CPU
		{1ADEAF6F-1CCA-47A6-BFE7-9ED1C9E1FC3B}.Debug|ARM.Build.0 = Debug|Any CPU
		{1ADEAF6F-1CCA-47A6-BFE7-9ED1C9E1FC3B}.Debug|ARM.Deploy.0 = Debug|Any CPU
		{1ADEAF6F-1CCA-47A6-BFE7-9ED1C9E1FC3B}.Debug|iPhone.ActiveCfg = Debug|Any CPU
		{1ADEAF6F-1CCA-47A6-BFE7-9ED1C9E1FC3B}.Debug|iPhone.Build.0 = Debug|Any CPU
		{1ADEAF6F-1CCA-47A6-BFE7-9ED1C9E1FC3B}.Debug|iPhone.Deploy.0 = Debug|Any CPU
		{1ADEAF6F-1CCA-47A6-BFE7-9ED1C9E1FC3B}.Debug|iPhoneSimulator.ActiveCfg = Debug|Any CPU
		{1ADEAF6F-1CCA-47A6-BFE7-9ED1C9E1FC3B}.Debug|iPhoneSimulator.Build.0 = Debug|Any CPU
		{1ADEAF6F-1CCA-47A6-BFE7-9ED1C9E1FC3B}.Debug|iPhoneSimulator.Deploy.0 = Debug|Any CPU
		{1ADEAF6F-1CCA-47A6-BFE7-9ED1C9E1FC3B}.Debug|x64.ActiveCfg = Debug|Any CPU
		{1ADEAF6F-1CCA-47A6-BFE7-9ED1C9E1FC3B}.Debug|x64.Build.0 = Debug|Any CPU
		{1ADEAF6F-1CCA-47A6-BFE7-9ED1C9E1FC3B}.Debug|x64.Deploy.0 = Debug|Any CPU
		{1ADEAF6F-1CCA-47A6-BFE7-9ED1C9E1FC3B}.Debug|x86.ActiveCfg = Debug|Any CPU
		{1ADEAF6F-1CCA-47A6-BFE7-9ED1C9E1FC3B}.Debug|x86.Build.0 = Debug|Any CPU
		{1ADEAF6F-1CCA-47A6-BFE7-9ED1C9E1FC3B}.Debug|x86.Deploy.0 = Debug|Any CPU
		{1ADEAF6F-1CCA-47A6-BFE7-9ED1C9E1FC3B}.Release|Any CPU.ActiveCfg = Release|Any CPU
		{1ADEAF6F-1CCA-47A6-BFE7-9ED1C9E1FC3B}.Release|Any CPU.Build.0 = Release|Any CPU
		{1ADEAF6F-1CCA-47A6-BFE7-9ED1C9E1FC3B}.Release|Any CPU.Deploy.0 = Release|Any CPU
		{1ADEAF6F-1CCA-47A6-BFE7-9ED1C9E1FC3B}.Release|ARM.ActiveCfg = Release|Any CPU
		{1ADEAF6F-1CCA-47A6-BFE7-9ED1C9E1FC3B}.Release|ARM.Build.0 = Release|Any CPU
		{1ADEAF6F-1CCA-47A6-BFE7-9ED1C9E1FC3B}.Release|ARM.Deploy.0 = Release|Any CPU
		{1ADEAF6F-1CCA-47A6-BFE7-9ED1C9E1FC3B}.Release|iPhone.ActiveCfg = Release|Any CPU
		{1ADEAF6F-1CCA-47A6-BFE7-9ED1C9E1FC3B}.Release|iPhone.Build.0 = Release|Any CPU
		{1ADEAF6F-1CCA-47A6-BFE7-9ED1C9E1FC3B}.Release|iPhone.Deploy.0 = Release|Any CPU
		{1ADEAF6F-1CCA-47A6-BFE7-9ED1C9E1FC3B}.Release|iPhoneSimulator.ActiveCfg = Release|Any CPU
		{1ADEAF6F-1CCA-47A6-BFE7-9ED1C9E1FC3B}.Release|iPhoneSimulator.Build.0 = Release|Any CPU
		{1ADEAF6F-1CCA-47A6-BFE7-9ED1C9E1FC3B}.Release|iPhoneSimulator.Deploy.0 = Release|Any CPU
		{1ADEAF6F-1CCA-47A6-BFE7-9ED1C9E1FC3B}.Release|x64.ActiveCfg = Release|Any CPU
		{1ADEAF6F-1CCA-47A6-BFE7-9ED1C9E1FC3B}.Release|x64.Build.0 = Release|Any CPU
		{1ADEAF6F-1CCA-47A6-BFE7-9ED1C9E1FC3B}.Release|x64.Deploy.0 = Release|Any CPU
		{1ADEAF6F-1CCA-47A6-BFE7-9ED1C9E1FC3B}.Release|x86.ActiveCfg = Release|Any CPU
		{1ADEAF6F-1CCA-47A6-BFE7-9ED1C9E1FC3B}.Release|x86.Build.0 = Release|Any CPU
		{1ADEAF6F-1CCA-47A6-BFE7-9ED1C9E1FC3B}.Release|x86.Deploy.0 = Release|Any CPU
		{A27D7391-92B2-4BA0-8562-3416FF1F4030}.Ad-Hoc|Any CPU.ActiveCfg = Ad-Hoc|iPhone
		{A27D7391-92B2-4BA0-8562-3416FF1F4030}.Ad-Hoc|Any CPU.Build.0 = Ad-Hoc|iPhone
		{A27D7391-92B2-4BA0-8562-3416FF1F4030}.Ad-Hoc|Any CPU.Deploy.0 = Ad-Hoc|iPhone
		{A27D7391-92B2-4BA0-8562-3416FF1F4030}.Ad-Hoc|ARM.ActiveCfg = Ad-Hoc|iPhone
		{A27D7391-92B2-4BA0-8562-3416FF1F4030}.Ad-Hoc|ARM.Build.0 = Ad-Hoc|iPhone
		{A27D7391-92B2-4BA0-8562-3416FF1F4030}.Ad-Hoc|ARM.Deploy.0 = Ad-Hoc|iPhone
		{A27D7391-92B2-4BA0-8562-3416FF1F4030}.Ad-Hoc|iPhone.ActiveCfg = Ad-Hoc|iPhone
		{A27D7391-92B2-4BA0-8562-3416FF1F4030}.Ad-Hoc|iPhone.Build.0 = Ad-Hoc|iPhone
		{A27D7391-92B2-4BA0-8562-3416FF1F4030}.Ad-Hoc|iPhone.Deploy.0 = Ad-Hoc|iPhone
		{A27D7391-92B2-4BA0-8562-3416FF1F4030}.Ad-Hoc|iPhoneSimulator.ActiveCfg = Ad-Hoc|iPhoneSimulator
		{A27D7391-92B2-4BA0-8562-3416FF1F4030}.Ad-Hoc|iPhoneSimulator.Build.0 = Ad-Hoc|iPhoneSimulator
		{A27D7391-92B2-4BA0-8562-3416FF1F4030}.Ad-Hoc|iPhoneSimulator.Deploy.0 = Ad-Hoc|iPhoneSimulator
		{A27D7391-92B2-4BA0-8562-3416FF1F4030}.Ad-Hoc|x64.ActiveCfg = Ad-Hoc|iPhone
		{A27D7391-92B2-4BA0-8562-3416FF1F4030}.Ad-Hoc|x64.Build.0 = Ad-Hoc|iPhone
		{A27D7391-92B2-4BA0-8562-3416FF1F4030}.Ad-Hoc|x64.Deploy.0 = Ad-Hoc|iPhone
		{A27D7391-92B2-4BA0-8562-3416FF1F4030}.Ad-Hoc|x86.ActiveCfg = Ad-Hoc|iPhone
		{A27D7391-92B2-4BA0-8562-3416FF1F4030}.Ad-Hoc|x86.Build.0 = Ad-Hoc|iPhone
		{A27D7391-92B2-4BA0-8562-3416FF1F4030}.Ad-Hoc|x86.Deploy.0 = Ad-Hoc|iPhone
		{A27D7391-92B2-4BA0-8562-3416FF1F4030}.AppStore|Any CPU.ActiveCfg = AppStore|iPhone
		{A27D7391-92B2-4BA0-8562-3416FF1F4030}.AppStore|Any CPU.Build.0 = AppStore|iPhone
		{A27D7391-92B2-4BA0-8562-3416FF1F4030}.AppStore|Any CPU.Deploy.0 = AppStore|iPhone
		{A27D7391-92B2-4BA0-8562-3416FF1F4030}.AppStore|ARM.ActiveCfg = AppStore|iPhone
		{A27D7391-92B2-4BA0-8562-3416FF1F4030}.AppStore|ARM.Build.0 = AppStore|iPhone
		{A27D7391-92B2-4BA0-8562-3416FF1F4030}.AppStore|ARM.Deploy.0 = AppStore|iPhone
		{A27D7391-92B2-4BA0-8562-3416FF1F4030}.AppStore|iPhone.ActiveCfg = AppStore|iPhone
		{A27D7391-92B2-4BA0-8562-3416FF1F4030}.AppStore|iPhone.Build.0 = AppStore|iPhone
		{A27D7391-92B2-4BA0-8562-3416FF1F4030}.AppStore|iPhone.Deploy.0 = AppStore|iPhone
		{A27D7391-92B2-4BA0-8562-3416FF1F4030}.AppStore|iPhoneSimulator.ActiveCfg = AppStore|iPhoneSimulator
		{A27D7391-92B2-4BA0-8562-3416FF1F4030}.AppStore|iPhoneSimulator.Build.0 = AppStore|iPhoneSimulator
		{A27D7391-92B2-4BA0-8562-3416FF1F4030}.AppStore|iPhoneSimulator.Deploy.0 = AppStore|iPhoneSimulator
		{A27D7391-92B2-4BA0-8562-3416FF1F4030}.AppStore|x64.ActiveCfg = AppStore|iPhone
		{A27D7391-92B2-4BA0-8562-3416FF1F4030}.AppStore|x64.Build.0 = AppStore|iPhone
		{A27D7391-92B2-4BA0-8562-3416FF1F4030}.AppStore|x64.Deploy.0 = AppStore|iPhone
		{A27D7391-92B2-4BA0-8562-3416FF1F4030}.AppStore|x86.ActiveCfg = AppStore|iPhone
		{A27D7391-92B2-4BA0-8562-3416FF1F4030}.AppStore|x86.Build.0 = AppStore|iPhone
		{A27D7391-92B2-4BA0-8562-3416FF1F4030}.AppStore|x86.Deploy.0 = AppStore|iPhone
		{A27D7391-92B2-4BA0-8562-3416FF1F4030}.Debug|Any CPU.ActiveCfg = Debug|iPhoneSimulator
		{A27D7391-92B2-4BA0-8562-3416FF1F4030}.Debug|Any CPU.Build.0 = Debug|iPhoneSimulator
		{A27D7391-92B2-4BA0-8562-3416FF1F4030}.Debug|Any CPU.Deploy.0 = Debug|iPhoneSimulator
		{A27D7391-92B2-4BA0-8562-3416FF1F4030}.Debug|ARM.ActiveCfg = Debug|iPhone
		{A27D7391-92B2-4BA0-8562-3416FF1F4030}.Debug|ARM.Build.0 = Debug|iPhone
		{A27D7391-92B2-4BA0-8562-3416FF1F4030}.Debug|ARM.Deploy.0 = Debug|iPhone
		{A27D7391-92B2-4BA0-8562-3416FF1F4030}.Debug|iPhone.ActiveCfg = Debug|iPhone
		{A27D7391-92B2-4BA0-8562-3416FF1F4030}.Debug|iPhone.Build.0 = Debug|iPhone
		{A27D7391-92B2-4BA0-8562-3416FF1F4030}.Debug|iPhone.Deploy.0 = Debug|iPhone
		{A27D7391-92B2-4BA0-8562-3416FF1F4030}.Debug|iPhoneSimulator.ActiveCfg = Debug|iPhoneSimulator
		{A27D7391-92B2-4BA0-8562-3416FF1F4030}.Debug|iPhoneSimulator.Build.0 = Debug|iPhoneSimulator
		{A27D7391-92B2-4BA0-8562-3416FF1F4030}.Debug|iPhoneSimulator.Deploy.0 = Debug|iPhoneSimulator
		{A27D7391-92B2-4BA0-8562-3416FF1F4030}.Debug|x64.ActiveCfg = Debug|iPhone
		{A27D7391-92B2-4BA0-8562-3416FF1F4030}.Debug|x64.Build.0 = Debug|iPhone
		{A27D7391-92B2-4BA0-8562-3416FF1F4030}.Debug|x64.Deploy.0 = Debug|iPhone
		{A27D7391-92B2-4BA0-8562-3416FF1F4030}.Debug|x86.ActiveCfg = Debug|iPhone
		{A27D7391-92B2-4BA0-8562-3416FF1F4030}.Debug|x86.Build.0 = Debug|iPhone
		{A27D7391-92B2-4BA0-8562-3416FF1F4030}.Debug|x86.Deploy.0 = Debug|iPhone
		{A27D7391-92B2-4BA0-8562-3416FF1F4030}.Release|Any CPU.ActiveCfg = Release|iPhone
		{A27D7391-92B2-4BA0-8562-3416FF1F4030}.Release|Any CPU.Build.0 = Release|iPhone
		{A27D7391-92B2-4BA0-8562-3416FF1F4030}.Release|Any CPU.Deploy.0 = Release|iPhone
		{A27D7391-92B2-4BA0-8562-3416FF1F4030}.Release|ARM.ActiveCfg = Release|iPhone
		{A27D7391-92B2-4BA0-8562-3416FF1F4030}.Release|ARM.Build.0 = Release|iPhone
		{A27D7391-92B2-4BA0-8562-3416FF1F4030}.Release|ARM.Deploy.0 = Release|iPhone
		{A27D7391-92B2-4BA0-8562-3416FF1F4030}.Release|iPhone.ActiveCfg = Release|iPhone
		{A27D7391-92B2-4BA0-8562-3416FF1F4030}.Release|iPhone.Build.0 = Release|iPhone
		{A27D7391-92B2-4BA0-8562-3416FF1F4030}.Release|iPhone.Deploy.0 = Release|iPhone
		{A27D7391-92B2-4BA0-8562-3416FF1F4030}.Release|iPhoneSimulator.ActiveCfg = Release|iPhoneSimulator
		{A27D7391-92B2-4BA0-8562-3416FF1F4030}.Release|iPhoneSimulator.Build.0 = Release|iPhoneSimulator
		{A27D7391-92B2-4BA0-8562-3416FF1F4030}.Release|iPhoneSimulator.Deploy.0 = Release|iPhoneSimulator
		{A27D7391-92B2-4BA0-8562-3416FF1F4030}.Release|x64.ActiveCfg = Release|iPhone
		{A27D7391-92B2-4BA0-8562-3416FF1F4030}.Release|x64.Build.0 = Release|iPhone
		{A27D7391-92B2-4BA0-8562-3416FF1F4030}.Release|x64.Deploy.0 = Release|iPhone
		{A27D7391-92B2-4BA0-8562-3416FF1F4030}.Release|x86.ActiveCfg = Release|iPhone
		{A27D7391-92B2-4BA0-8562-3416FF1F4030}.Release|x86.Build.0 = Release|iPhone
		{A27D7391-92B2-4BA0-8562-3416FF1F4030}.Release|x86.Deploy.0 = Release|iPhone
		{75E5BE91-7A41-4E72-A739-9E9534BA620E}.Ad-Hoc|Any CPU.ActiveCfg = Release|x86
		{75E5BE91-7A41-4E72-A739-9E9534BA620E}.Ad-Hoc|Any CPU.Build.0 = Release|x86
		{75E5BE91-7A41-4E72-A739-9E9534BA620E}.Ad-Hoc|Any CPU.Deploy.0 = Release|x86
		{75E5BE91-7A41-4E72-A739-9E9534BA620E}.Ad-Hoc|ARM.ActiveCfg = Release|ARM
		{75E5BE91-7A41-4E72-A739-9E9534BA620E}.Ad-Hoc|ARM.Build.0 = Release|ARM
		{75E5BE91-7A41-4E72-A739-9E9534BA620E}.Ad-Hoc|ARM.Deploy.0 = Release|ARM
		{75E5BE91-7A41-4E72-A739-9E9534BA620E}.Ad-Hoc|iPhone.ActiveCfg = Release|x86
		{75E5BE91-7A41-4E72-A739-9E9534BA620E}.Ad-Hoc|iPhone.Build.0 = Release|x86
		{75E5BE91-7A41-4E72-A739-9E9534BA620E}.Ad-Hoc|iPhone.Deploy.0 = Release|x86
		{75E5BE91-7A41-4E72-A739-9E9534BA620E}.Ad-Hoc|iPhoneSimulator.ActiveCfg = Release|x86
		{75E5BE91-7A41-4E72-A739-9E9534BA620E}.Ad-Hoc|iPhoneSimulator.Build.0 = Release|x86
		{75E5BE91-7A41-4E72-A739-9E9534BA620E}.Ad-Hoc|iPhoneSimulator.Deploy.0 = Release|x86
		{75E5BE91-7A41-4E72-A739-9E9534BA620E}.Ad-Hoc|x64.ActiveCfg = Release|x64
		{75E5BE91-7A41-4E72-A739-9E9534BA620E}.Ad-Hoc|x64.Build.0 = Release|x64
		{75E5BE91-7A41-4E72-A739-9E9534BA620E}.Ad-Hoc|x64.Deploy.0 = Release|x64
		{75E5BE91-7A41-4E72-A739-9E9534BA620E}.Ad-Hoc|x86.ActiveCfg = Release|x86
		{75E5BE91-7A41-4E72-A739-9E9534BA620E}.Ad-Hoc|x86.Build.0 = Release|x86
		{75E5BE91-7A41-4E72-A739-9E9534BA620E}.Ad-Hoc|x86.Deploy.0 = Release|x86
		{75E5BE91-7A41-4E72-A739-9E9534BA620E}.AppStore|Any CPU.ActiveCfg = Release|x86
		{75E5BE91-7A41-4E72-A739-9E9534BA620E}.AppStore|Any CPU.Build.0 = Release|x86
		{75E5BE91-7A41-4E72-A739-9E9534BA620E}.AppStore|Any CPU.Deploy.0 = Release|x86
		{75E5BE91-7A41-4E72-A739-9E9534BA620E}.AppStore|ARM.ActiveCfg = Release|ARM
		{75E5BE91-7A41-4E72-A739-9E9534BA620E}.AppStore|ARM.Build.0 = Release|ARM
		{75E5BE91-7A41-4E72-A739-9E9534BA620E}.AppStore|ARM.Deploy.0 = Release|ARM
		{75E5BE91-7A41-4E72-A739-9E9534BA620E}.AppStore|iPhone.ActiveCfg = Release|x86
		{75E5BE91-7A41-4E72-A739-9E9534BA620E}.AppStore|iPhone.Build.0 = Release|x86
		{75E5BE91-7A41-4E72-A739-9E9534BA620E}.AppStore|iPhone.Deploy.0 = Release|x86
		{75E5BE91-7A41-4E72-A739-9E9534BA620E}.AppStore|iPhoneSimulator.ActiveCfg = Release|x86
		{75E5BE91-7A41-4E72-A739-9E9534BA620E}.AppStore|iPhoneSimulator.Build.0 = Release|x86
		{75E5BE91-7A41-4E72-A739-9E9534BA620E}.AppStore|iPhoneSimulator.Deploy.0 = Release|x86
		{75E5BE91-7A41-4E72-A739-9E9534BA620E}.AppStore|x64.ActiveCfg = Release|x64
		{75E5BE91-7A41-4E72-A739-9E9534BA620E}.AppStore|x64.Build.0 = Release|x64
		{75E5BE91-7A41-4E72-A739-9E9534BA620E}.AppStore|x64.Deploy.0 = Release|x64
		{75E5BE91-7A41-4E72-A739-9E9534BA620E}.AppStore|x86.ActiveCfg = Release|x86
		{75E5BE91-7A41-4E72-A739-9E9534BA620E}.AppStore|x86.Build.0 = Release|x86
		{75E5BE91-7A41-4E72-A739-9E9534BA620E}.AppStore|x86.Deploy.0 = Release|x86
		{75E5BE91-7A41-4E72-A739-9E9534BA620E}.Debug|Any CPU.ActiveCfg = Debug|x86
		{75E5BE91-7A41-4E72-A739-9E9534BA620E}.Debug|Any CPU.Build.0 = Debug|x86
		{75E5BE91-7A41-4E72-A739-9E9534BA620E}.Debug|Any CPU.Deploy.0 = Debug|x86
		{75E5BE91-7A41-4E72-A739-9E9534BA620E}.Debug|ARM.ActiveCfg = Debug|ARM
		{75E5BE91-7A41-4E72-A739-9E9534BA620E}.Debug|ARM.Build.0 = Debug|ARM
		{75E5BE91-7A41-4E72-A739-9E9534BA620E}.Debug|ARM.Deploy.0 = Debug|ARM
		{75E5BE91-7A41-4E72-A739-9E9534BA620E}.Debug|iPhone.ActiveCfg = Debug|x86
		{75E5BE91-7A41-4E72-A739-9E9534BA620E}.Debug|iPhone.Build.0 = Debug|x86
		{75E5BE91-7A41-4E72-A739-9E9534BA620E}.Debug|iPhone.Deploy.0 = Debug|x86
		{75E5BE91-7A41-4E72-A739-9E9534BA620E}.Debug|iPhoneSimulator.ActiveCfg = Debug|x86
		{75E5BE91-7A41-4E72-A739-9E9534BA620E}.Debug|iPhoneSimulator.Build.0 = Debug|x86
		{75E5BE91-7A41-4E72-A739-9E9534BA620E}.Debug|iPhoneSimulator.Deploy.0 = Debug|x86
		{75E5BE91-7A41-4E72-A739-9E9534BA620E}.Debug|x64.ActiveCfg = Debug|x64
		{75E5BE91-7A41-4E72-A739-9E9534BA620E}.Debug|x64.Build.0 = Debug|x64
		{75E5BE91-7A41-4E72-A739-9E9534BA620E}.Debug|x64.Deploy.0 = Debug|x64
		{75E5BE91-7A41-4E72-A739-9E9534BA620E}.Debug|x86.ActiveCfg = Debug|x86
		{75E5BE91-7A41-4E72-A739-9E9534BA620E}.Debug|x86.Build.0 = Debug|x86
		{75E5BE91-7A41-4E72-A739-9E9534BA620E}.Debug|x86.Deploy.0 = Debug|x86
		{75E5BE91-7A41-4E72-A739-9E9534BA620E}.Release|Any CPU.ActiveCfg = Release|x86
		{75E5BE91-7A41-4E72-A739-9E9534BA620E}.Release|Any CPU.Build.0 = Release|x86
		{75E5BE91-7A41-4E72-A739-9E9534BA620E}.Release|Any CPU.Deploy.0 = Release|x86
		{75E5BE91-7A41-4E72-A739-9E9534BA620E}.Release|ARM.ActiveCfg = Release|ARM
		{75E5BE91-7A41-4E72-A739-9E9534BA620E}.Release|ARM.Build.0 = Release|ARM
		{75E5BE91-7A41-4E72-A739-9E9534BA620E}.Release|ARM.Deploy.0 = Release|ARM
		{75E5BE91-7A41-4E72-A739-9E9534BA620E}.Release|iPhone.ActiveCfg = Release|x86
		{75E5BE91-7A41-4E72-A739-9E9534BA620E}.Release|iPhone.Build.0 = Release|x86
		{75E5BE91-7A41-4E72-A739-9E9534BA620E}.Release|iPhone.Deploy.0 = Release|x86
		{75E5BE91-7A41-4E72-A739-9E9534BA620E}.Release|iPhoneSimulator.ActiveCfg = Release|x86
		{75E5BE91-7A41-4E72-A739-9E9534BA620E}.Release|iPhoneSimulator.Build.0 = Release|x86
		{75E5BE91-7A41-4E72-A739-9E9534BA620E}.Release|iPhoneSimulator.Deploy.0 = Release|x86
		{75E5BE91-7A41-4E72-A739-9E9534BA620E}.Release|x64.ActiveCfg = Release|x64
		{75E5BE91-7A41-4E72-A739-9E9534BA620E}.Release|x64.Build.0 = Release|x64
		{75E5BE91-7A41-4E72-A739-9E9534BA620E}.Release|x64.Deploy.0 = Release|x64
		{75E5BE91-7A41-4E72-A739-9E9534BA620E}.Release|x86.ActiveCfg = Release|x86
		{75E5BE91-7A41-4E72-A739-9E9534BA620E}.Release|x86.Build.0 = Release|x86
		{75E5BE91-7A41-4E72-A739-9E9534BA620E}.Release|x86.Deploy.0 = Release|x86
		{DF87A513-4D30-4C38-8FAE-C0A7DE83B0FB}.Ad-Hoc|Any CPU.ActiveCfg = Debug|Any CPU
		{DF87A513-4D30-4C38-8FAE-C0A7DE83B0FB}.Ad-Hoc|Any CPU.Build.0 = Debug|Any CPU
		{DF87A513-4D30-4C38-8FAE-C0A7DE83B0FB}.Ad-Hoc|Any CPU.Deploy.0 = Debug|Any CPU
		{DF87A513-4D30-4C38-8FAE-C0A7DE83B0FB}.Ad-Hoc|ARM.ActiveCfg = Debug|Any CPU
		{DF87A513-4D30-4C38-8FAE-C0A7DE83B0FB}.Ad-Hoc|ARM.Build.0 = Debug|Any CPU
		{DF87A513-4D30-4C38-8FAE-C0A7DE83B0FB}.Ad-Hoc|ARM.Deploy.0 = Debug|Any CPU
		{DF87A513-4D30-4C38-8FAE-C0A7DE83B0FB}.Ad-Hoc|iPhone.ActiveCfg = Debug|Any CPU
		{DF87A513-4D30-4C38-8FAE-C0A7DE83B0FB}.Ad-Hoc|iPhone.Build.0 = Debug|Any CPU
		{DF87A513-4D30-4C38-8FAE-C0A7DE83B0FB}.Ad-Hoc|iPhone.Deploy.0 = Debug|Any CPU
		{DF87A513-4D30-4C38-8FAE-C0A7DE83B0FB}.Ad-Hoc|iPhoneSimulator.ActiveCfg = Debug|Any CPU
		{DF87A513-4D30-4C38-8FAE-C0A7DE83B0FB}.Ad-Hoc|iPhoneSimulator.Build.0 = Debug|Any CPU
		{DF87A513-4D30-4C38-8FAE-C0A7DE83B0FB}.Ad-Hoc|iPhoneSimulator.Deploy.0 = Debug|Any CPU
		{DF87A513-4D30-4C38-8FAE-C0A7DE83B0FB}.Ad-Hoc|x64.ActiveCfg = Debug|Any CPU
		{DF87A513-4D30-4C38-8FAE-C0A7DE83B0FB}.Ad-Hoc|x64.Build.0 = Debug|Any CPU
		{DF87A513-4D30-4C38-8FAE-C0A7DE83B0FB}.Ad-Hoc|x64.Deploy.0 = Debug|Any CPU
		{DF87A513-4D30-4C38-8FAE-C0A7DE83B0FB}.Ad-Hoc|x86.ActiveCfg = Debug|Any CPU
		{DF87A513-4D30-4C38-8FAE-C0A7DE83B0FB}.Ad-Hoc|x86.Build.0 = Debug|Any CPU
		{DF87A513-4D30-4C38-8FAE-C0A7DE83B0FB}.Ad-Hoc|x86.Deploy.0 = Debug|Any CPU
		{DF87A513-4D30-4C38-8FAE-C0A7DE83B0FB}.AppStore|Any CPU.ActiveCfg = Debug|Any CPU
		{DF87A513-4D30-4C38-8FAE-C0A7DE83B0FB}.AppStore|Any CPU.Build.0 = Debug|Any CPU
		{DF87A513-4D30-4C38-8FAE-C0A7DE83B0FB}.AppStore|Any CPU.Deploy.0 = Debug|Any CPU
		{DF87A513-4D30-4C38-8FAE-C0A7DE83B0FB}.AppStore|ARM.ActiveCfg = Debug|Any CPU
		{DF87A513-4D30-4C38-8FAE-C0A7DE83B0FB}.AppStore|ARM.Build.0 = Debug|Any CPU
		{DF87A513-4D30-4C38-8FAE-C0A7DE83B0FB}.AppStore|ARM.Deploy.0 = Debug|Any CPU
		{DF87A513-4D30-4C38-8FAE-C0A7DE83B0FB}.AppStore|iPhone.ActiveCfg = Debug|Any CPU
		{DF87A513-4D30-4C38-8FAE-C0A7DE83B0FB}.AppStore|iPhone.Build.0 = Debug|Any CPU
		{DF87A513-4D30-4C38-8FAE-C0A7DE83B0FB}.AppStore|iPhone.Deploy.0 = Debug|Any CPU
		{DF87A513-4D30-4C38-8FAE-C0A7DE83B0FB}.AppStore|iPhoneSimulator.ActiveCfg = Debug|Any CPU
		{DF87A513-4D30-4C38-8FAE-C0A7DE83B0FB}.AppStore|iPhoneSimulator.Build.0 = Debug|Any CPU
		{DF87A513-4D30-4C38-8FAE-C0A7DE83B0FB}.AppStore|iPhoneSimulator.Deploy.0 = Debug|Any CPU
		{DF87A513-4D30-4C38-8FAE-C0A7DE83B0FB}.AppStore|x64.ActiveCfg = Debug|Any CPU
		{DF87A513-4D30-4C38-8FAE-C0A7DE83B0FB}.AppStore|x64.Build.0 = Debug|Any CPU
		{DF87A513-4D30-4C38-8FAE-C0A7DE83B0FB}.AppStore|x64.Deploy.0 = Debug|Any CPU
		{DF87A513-4D30-4C38-8FAE-C0A7DE83B0FB}.AppStore|x86.ActiveCfg = Debug|Any CPU
		{DF87A513-4D30-4C38-8FAE-C0A7DE83B0FB}.AppStore|x86.Build.0 = Debug|Any CPU
		{DF87A513-4D30-4C38-8FAE-C0A7DE83B0FB}.AppStore|x86.Deploy.0 = Debug|Any CPU
		{DF87A513-4D30-4C38-8FAE-C0A7DE83B0FB}.Debug|Any CPU.ActiveCfg = Debug|Any CPU
		{DF87A513-4D30-4C38-8FAE-C0A7DE83B0FB}.Debug|Any CPU.Build.0 = Debug|Any CPU
		{DF87A513-4D30-4C38-8FAE-C0A7DE83B0FB}.Debug|Any CPU.Deploy.0 = Debug|Any CPU
		{DF87A513-4D30-4C38-8FAE-C0A7DE83B0FB}.Debug|ARM.ActiveCfg = Debug|Any CPU
		{DF87A513-4D30-4C38-8FAE-C0A7DE83B0FB}.Debug|ARM.Build.0 = Debug|Any CPU
		{DF87A513-4D30-4C38-8FAE-C0A7DE83B0FB}.Debug|ARM.Deploy.0 = Debug|Any CPU
		{DF87A513-4D30-4C38-8FAE-C0A7DE83B0FB}.Debug|iPhone.ActiveCfg = Debug|Any CPU
		{DF87A513-4D30-4C38-8FAE-C0A7DE83B0FB}.Debug|iPhone.Build.0 = Debug|Any CPU
		{DF87A513-4D30-4C38-8FAE-C0A7DE83B0FB}.Debug|iPhone.Deploy.0 = Debug|Any CPU
		{DF87A513-4D30-4C38-8FAE-C0A7DE83B0FB}.Debug|iPhoneSimulator.ActiveCfg = Debug|Any CPU
		{DF87A513-4D30-4C38-8FAE-C0A7DE83B0FB}.Debug|iPhoneSimulator.Build.0 = Debug|Any CPU
		{DF87A513-4D30-4C38-8FAE-C0A7DE83B0FB}.Debug|iPhoneSimulator.Deploy.0 = Debug|Any CPU
		{DF87A513-4D30-4C38-8FAE-C0A7DE83B0FB}.Debug|x64.ActiveCfg = Debug|Any CPU
		{DF87A513-4D30-4C38-8FAE-C0A7DE83B0FB}.Debug|x64.Build.0 = Debug|Any CPU
		{DF87A513-4D30-4C38-8FAE-C0A7DE83B0FB}.Debug|x64.Deploy.0 = Debug|Any CPU
		{DF87A513-4D30-4C38-8FAE-C0A7DE83B0FB}.Debug|x86.ActiveCfg = Debug|Any CPU
		{DF87A513-4D30-4C38-8FAE-C0A7DE83B0FB}.Debug|x86.Build.0 = Debug|Any CPU
		{DF87A513-4D30-4C38-8FAE-C0A7DE83B0FB}.Debug|x86.Deploy.0 = Debug|Any CPU
		{DF87A513-4D30-4C38-8FAE-C0A7DE83B0FB}.Release|Any CPU.ActiveCfg = Release|Any CPU
		{DF87A513-4D30-4C38-8FAE-C0A7DE83B0FB}.Release|Any CPU.Build.0 = Release|Any CPU
		{DF87A513-4D30-4C38-8FAE-C0A7DE83B0FB}.Release|Any CPU.Deploy.0 = Release|Any CPU
		{DF87A513-4D30-4C38-8FAE-C0A7DE83B0FB}.Release|ARM.ActiveCfg = Release|Any CPU
		{DF87A513-4D30-4C38-8FAE-C0A7DE83B0FB}.Release|ARM.Build.0 = Release|Any CPU
		{DF87A513-4D30-4C38-8FAE-C0A7DE83B0FB}.Release|ARM.Deploy.0 = Release|Any CPU
		{DF87A513-4D30-4C38-8FAE-C0A7DE83B0FB}.Release|iPhone.ActiveCfg = Release|Any CPU
		{DF87A513-4D30-4C38-8FAE-C0A7DE83B0FB}.Release|iPhone.Build.0 = Release|Any CPU
		{DF87A513-4D30-4C38-8FAE-C0A7DE83B0FB}.Release|iPhone.Deploy.0 = Release|Any CPU
		{DF87A513-4D30-4C38-8FAE-C0A7DE83B0FB}.Release|iPhoneSimulator.ActiveCfg = Release|Any CPU
		{DF87A513-4D30-4C38-8FAE-C0A7DE83B0FB}.Release|iPhoneSimulator.Build.0 = Release|Any CPU
		{DF87A513-4D30-4C38-8FAE-C0A7DE83B0FB}.Release|iPhoneSimulator.Deploy.0 = Release|Any CPU
		{DF87A513-4D30-4C38-8FAE-C0A7DE83B0FB}.Release|x64.ActiveCfg = Release|Any CPU
		{DF87A513-4D30-4C38-8FAE-C0A7DE83B0FB}.Release|x64.Build.0 = Release|Any CPU
		{DF87A513-4D30-4C38-8FAE-C0A7DE83B0FB}.Release|x64.Deploy.0 = Release|Any CPU
		{DF87A513-4D30-4C38-8FAE-C0A7DE83B0FB}.Release|x86.ActiveCfg = Release|Any CPU
		{DF87A513-4D30-4C38-8FAE-C0A7DE83B0FB}.Release|x86.Build.0 = Release|Any CPU
		{DF87A513-4D30-4C38-8FAE-C0A7DE83B0FB}.Release|x86.Deploy.0 = Release|Any CPU
	EndGlobalSection
	GlobalSection(SolutionProperties) = preSolution
		HideSolutionNode = FALSE
	EndGlobalSection
	GlobalSection(ExtensibilityGlobals) = postSolution
		SolutionGuid = {2B331FF1-055E-41E4-9CCB-F27C33A7F13C}
	EndGlobalSection
EndGlobal
